// !$*UTF8*$!
{
	archiveVersion = 1;
	classes = {
	};
	objectVersion = 60;
	objects = {

/* Begin PBXBuildFile section */
		230F22B82B5FEF0400D2843A /* KeychainTests.swift in Sources */ = {isa = PBXBuildFile; fileRef = 230F22B72B5FEF0400D2843A /* KeychainTests.swift */; };
		230F22BB2B5FEF4100D2843A /* SwiftSecurity in Frameworks */ = {isa = PBXBuildFile; productRef = 230F22BA2B5FEF4100D2843A /* SwiftSecurity */; };
		230F22BE2B5FF8D200D2843A /* README.md in Resources */ = {isa = PBXBuildFile; fileRef = 230F22BD2B5FF8D200D2843A /* README.md */; };
		235B8F672B60842A0007969B /* EnumTests.swift in Sources */ = {isa = PBXBuildFile; fileRef = 235B8F662B60842A0007969B /* EnumTests.swift */; };
		235B8F692B6084E00007969B /* AccessPolicyTests.swift in Sources */ = {isa = PBXBuildFile; fileRef = 235B8F682B6084E00007969B /* AccessPolicyTests.swift */; };
		23E8EEEC2B5FEAF400A0A188 /* TestApp.swift in Sources */ = {isa = PBXBuildFile; fileRef = 23E8EEEB2B5FEAF400A0A188 /* TestApp.swift */; };
/* End PBXBuildFile section */

/* Begin PBXContainerItemProxy section */
		23E8EEFA2B5FEAF600A0A188 /* PBXContainerItemProxy */ = {
			isa = PBXContainerItemProxy;
			containerPortal = 23E8EEE02B5FEAF400A0A188 /* Project object */;
			proxyType = 1;
			remoteGlobalIDString = 23E8EEE72B5FEAF400A0A188;
			remoteInfo = TestHost;
		};
/* End PBXContainerItemProxy section */

/* Begin PBXFileReference section */
		230F22B72B5FEF0400D2843A /* KeychainTests.swift */ = {isa = PBXFileReference; lastKnownFileType = sourcecode.swift; path = KeychainTests.swift; sourceTree = "<group>"; };
		230F22BD2B5FF8D200D2843A /* README.md */ = {isa = PBXFileReference; fileEncoding = 4; lastKnownFileType = net.daringfireball.markdown; path = README.md; sourceTree = "<group>"; };
		232BD3F92B600EC1003F4EA7 /* TestHost-macOS.entitlements */ = {isa = PBXFileReference; lastKnownFileType = text.plist.entitlements; path = "TestHost-macOS.entitlements"; sourceTree = "<group>"; };
		235B8F662B60842A0007969B /* EnumTests.swift */ = {isa = PBXFileReference; lastKnownFileType = sourcecode.swift; path = EnumTests.swift; sourceTree = "<group>"; };
		235B8F682B6084E00007969B /* AccessPolicyTests.swift */ = {isa = PBXFileReference; lastKnownFileType = sourcecode.swift; path = AccessPolicyTests.swift; sourceTree = "<group>"; };
		23E8EEE82B5FEAF400A0A188 /* TestHost.app */ = {isa = PBXFileReference; explicitFileType = wrapper.application; includeInIndex = 0; path = TestHost.app; sourceTree = BUILT_PRODUCTS_DIR; };
		23E8EEEB2B5FEAF400A0A188 /* TestApp.swift */ = {isa = PBXFileReference; lastKnownFileType = sourcecode.swift; path = TestApp.swift; sourceTree = "<group>"; };
		23E8EEF12B5FEAF500A0A188 /* TestHost.entitlements */ = {isa = PBXFileReference; lastKnownFileType = text.plist.entitlements; path = TestHost.entitlements; sourceTree = "<group>"; };
		23E8EEF92B5FEAF600A0A188 /* SwiftSecurityTests.xctest */ = {isa = PBXFileReference; explicitFileType = wrapper.cfbundle; includeInIndex = 0; path = SwiftSecurityTests.xctest; sourceTree = BUILT_PRODUCTS_DIR; };
/* End PBXFileReference section */

/* Begin PBXFrameworksBuildPhase section */
		23E8EEE52B5FEAF400A0A188 /* Frameworks */ = {
			isa = PBXFrameworksBuildPhase;
			buildActionMask = 2147483647;
			files = (
				230F22BB2B5FEF4100D2843A /* SwiftSecurity in Frameworks */,
			);
			runOnlyForDeploymentPostprocessing = 0;
		};
		23E8EEF62B5FEAF600A0A188 /* Frameworks */ = {
			isa = PBXFrameworksBuildPhase;
			buildActionMask = 2147483647;
			files = (
			);
			runOnlyForDeploymentPostprocessing = 0;
		};
/* End PBXFrameworksBuildPhase section */

/* Begin PBXGroup section */
		23E8EEDF2B5FEAF400A0A188 = {
			isa = PBXGroup;
			children = (
				230F22BD2B5FF8D200D2843A /* README.md */,
				23E8EEEA2B5FEAF400A0A188 /* TestHost */,
				23E8EEFC2B5FEAF600A0A188 /* SwiftSecurityTests */,
				23E8EEE92B5FEAF400A0A188 /* Products */,
			);
			sourceTree = "<group>";
		};
		23E8EEE92B5FEAF400A0A188 /* Products */ = {
			isa = PBXGroup;
			children = (
				23E8EEE82B5FEAF400A0A188 /* TestHost.app */,
				23E8EEF92B5FEAF600A0A188 /* SwiftSecurityTests.xctest */,
			);
			name = Products;
			sourceTree = "<group>";
		};
		23E8EEEA2B5FEAF400A0A188 /* TestHost */ = {
			isa = PBXGroup;
			children = (
				23E8EEEB2B5FEAF400A0A188 /* TestApp.swift */,
				23E8EEF12B5FEAF500A0A188 /* TestHost.entitlements */,
				232BD3F92B600EC1003F4EA7 /* TestHost-macOS.entitlements */,
			);
			path = TestHost;
			sourceTree = "<group>";
		};
		23E8EEFC2B5FEAF600A0A188 /* SwiftSecurityTests */ = {
			isa = PBXGroup;
			children = (
				235B8F662B60842A0007969B /* EnumTests.swift */,
				230F22B72B5FEF0400D2843A /* KeychainTests.swift */,
				235B8F682B6084E00007969B /* AccessPolicyTests.swift */,
			);
			path = SwiftSecurityTests;
			sourceTree = "<group>";
		};
/* End PBXGroup section */

/* Begin PBXNativeTarget section */
		23E8EEE72B5FEAF400A0A188 /* TestHost */ = {
			isa = PBXNativeTarget;
			buildConfigurationList = 23E8EF0D2B5FEAF600A0A188 /* Build configuration list for PBXNativeTarget "TestHost" */;
			buildPhases = (
				23E8EEE42B5FEAF400A0A188 /* Sources */,
				23E8EEE52B5FEAF400A0A188 /* Frameworks */,
				23E8EEE62B5FEAF400A0A188 /* Resources */,
			);
			buildRules = (
			);
			dependencies = (
			);
			name = TestHost;
			packageProductDependencies = (
				230F22BA2B5FEF4100D2843A /* SwiftSecurity */,
			);
			productName = TestHost;
			productReference = 23E8EEE82B5FEAF400A0A188 /* TestHost.app */;
			productType = "com.apple.product-type.application";
		};
		23E8EEF82B5FEAF600A0A188 /* SwiftSecurityTests */ = {
			isa = PBXNativeTarget;
			buildConfigurationList = 23E8EF102B5FEAF600A0A188 /* Build configuration list for PBXNativeTarget "SwiftSecurityTests" */;
			buildPhases = (
				23E8EEF52B5FEAF600A0A188 /* Sources */,
				23E8EEF62B5FEAF600A0A188 /* Frameworks */,
				23E8EEF72B5FEAF600A0A188 /* Resources */,
			);
			buildRules = (
			);
			dependencies = (
				23E8EEFB2B5FEAF600A0A188 /* PBXTargetDependency */,
			);
			name = SwiftSecurityTests;
			productName = TestHostTests;
			productReference = 23E8EEF92B5FEAF600A0A188 /* SwiftSecurityTests.xctest */;
			productType = "com.apple.product-type.bundle.unit-test";
		};
/* End PBXNativeTarget section */

/* Begin PBXProject section */
		23E8EEE02B5FEAF400A0A188 /* Project object */ = {
			isa = PBXProject;
			attributes = {
				BuildIndependentTargetsInParallel = 1;
				LastSwiftUpdateCheck = 1520;
				LastUpgradeCheck = 1520;
				TargetAttributes = {
					23E8EEE72B5FEAF400A0A188 = {
						CreatedOnToolsVersion = 15.2;
					};
					23E8EEF82B5FEAF600A0A188 = {
						CreatedOnToolsVersion = 15.2;
						LastSwiftMigration = 1520;
						TestTargetID = 23E8EEE72B5FEAF400A0A188;
					};
				};
			};
			buildConfigurationList = 23E8EEE32B5FEAF400A0A188 /* Build configuration list for PBXProject "TestHost" */;
			compatibilityVersion = "Xcode 14.0";
			developmentRegion = en;
			hasScannedForEncodings = 0;
			knownRegions = (
				en,
				Base,
			);
			mainGroup = 23E8EEDF2B5FEAF400A0A188;
			packageReferences = (
				230F22B92B5FEF4100D2843A /* XCLocalSwiftPackageReference ".." */,
			);
			productRefGroup = 23E8EEE92B5FEAF400A0A188 /* Products */;
			projectDirPath = "";
			projectRoot = "";
			targets = (
				23E8EEE72B5FEAF400A0A188 /* TestHost */,
				23E8EEF82B5FEAF600A0A188 /* SwiftSecurityTests */,
			);
		};
/* End PBXProject section */

/* Begin PBXResourcesBuildPhase section */
		23E8EEE62B5FEAF400A0A188 /* Resources */ = {
			isa = PBXResourcesBuildPhase;
			buildActionMask = 2147483647;
			files = (
				230F22BE2B5FF8D200D2843A /* README.md in Resources */,
			);
			runOnlyForDeploymentPostprocessing = 0;
		};
		23E8EEF72B5FEAF600A0A188 /* Resources */ = {
			isa = PBXResourcesBuildPhase;
			buildActionMask = 2147483647;
			files = (
			);
			runOnlyForDeploymentPostprocessing = 0;
		};
/* End PBXResourcesBuildPhase section */

/* Begin PBXSourcesBuildPhase section */
		23E8EEE42B5FEAF400A0A188 /* Sources */ = {
			isa = PBXSourcesBuildPhase;
			buildActionMask = 2147483647;
			files = (
				23E8EEEC2B5FEAF400A0A188 /* TestApp.swift in Sources */,
			);
			runOnlyForDeploymentPostprocessing = 0;
		};
		23E8EEF52B5FEAF600A0A188 /* Sources */ = {
			isa = PBXSourcesBuildPhase;
			buildActionMask = 2147483647;
			files = (
				230F22B82B5FEF0400D2843A /* KeychainTests.swift in Sources */,
				235B8F692B6084E00007969B /* AccessPolicyTests.swift in Sources */,
				235B8F672B60842A0007969B /* EnumTests.swift in Sources */,
			);
			runOnlyForDeploymentPostprocessing = 0;
		};
/* End PBXSourcesBuildPhase section */

/* Begin PBXTargetDependency section */
		23E8EEFB2B5FEAF600A0A188 /* PBXTargetDependency */ = {
			isa = PBXTargetDependency;
			target = 23E8EEE72B5FEAF400A0A188 /* TestHost */;
			targetProxy = 23E8EEFA2B5FEAF600A0A188 /* PBXContainerItemProxy */;
		};
/* End PBXTargetDependency section */

/* Begin XCBuildConfiguration section */
		23E8EF0B2B5FEAF600A0A188 /* Debug */ = {
			isa = XCBuildConfiguration;
			buildSettings = {
				ALWAYS_SEARCH_USER_PATHS = NO;
				ASSETCATALOG_COMPILER_GENERATE_SWIFT_ASSET_SYMBOL_EXTENSIONS = YES;
				CLANG_ANALYZER_NONNULL = YES;
				CLANG_ANALYZER_NUMBER_OBJECT_CONVERSION = YES_AGGRESSIVE;
				CLANG_CXX_LANGUAGE_STANDARD = "gnu++20";
				CLANG_ENABLE_MODULES = YES;
				CLANG_ENABLE_OBJC_ARC = YES;
				CLANG_ENABLE_OBJC_WEAK = YES;
				CLANG_WARN_BLOCK_CAPTURE_AUTORELEASING = YES;
				CLANG_WARN_BOOL_CONVERSION = YES;
				CLANG_WARN_COMMA = YES;
				CLANG_WARN_CONSTANT_CONVERSION = YES;
				CLANG_WARN_DEPRECATED_OBJC_IMPLEMENTATIONS = YES;
				CLANG_WARN_DIRECT_OBJC_ISA_USAGE = YES_ERROR;
				CLANG_WARN_DOCUMENTATION_COMMENTS = YES;
				CLANG_WARN_EMPTY_BODY = YES;
				CLANG_WARN_ENUM_CONVERSION = YES;
				CLANG_WARN_INFINITE_RECURSION = YES;
				CLANG_WARN_INT_CONVERSION = YES;
				CLANG_WARN_NON_LITERAL_NULL_CONVERSION = YES;
				CLANG_WARN_OBJC_IMPLICIT_RETAIN_SELF = YES;
				CLANG_WARN_OBJC_LITERAL_CONVERSION = YES;
				CLANG_WARN_OBJC_ROOT_CLASS = YES_ERROR;
				CLANG_WARN_QUOTED_INCLUDE_IN_FRAMEWORK_HEADER = YES;
				CLANG_WARN_RANGE_LOOP_ANALYSIS = YES;
				CLANG_WARN_STRICT_PROTOTYPES = YES;
				CLANG_WARN_SUSPICIOUS_MOVE = YES;
				CLANG_WARN_UNGUARDED_AVAILABILITY = YES_AGGRESSIVE;
				CLANG_WARN_UNREACHABLE_CODE = YES;
				CLANG_WARN__DUPLICATE_METHOD_MATCH = YES;
				COPY_PHASE_STRIP = NO;
				DEBUG_INFORMATION_FORMAT = dwarf;
				ENABLE_STRICT_OBJC_MSGSEND = YES;
				ENABLE_TESTABILITY = YES;
				ENABLE_USER_SCRIPT_SANDBOXING = YES;
				GCC_C_LANGUAGE_STANDARD = gnu17;
				GCC_DYNAMIC_NO_PIC = NO;
				GCC_NO_COMMON_BLOCKS = YES;
				GCC_OPTIMIZATION_LEVEL = 0;
				GCC_PREPROCESSOR_DEFINITIONS = (
					"DEBUG=1",
					"$(inherited)",
				);
				GCC_WARN_64_TO_32_BIT_CONVERSION = YES;
				GCC_WARN_ABOUT_RETURN_TYPE = YES_ERROR;
				GCC_WARN_UNDECLARED_SELECTOR = YES;
				GCC_WARN_UNINITIALIZED_AUTOS = YES_AGGRESSIVE;
				GCC_WARN_UNUSED_FUNCTION = YES;
				GCC_WARN_UNUSED_VARIABLE = YES;
				IPHONEOS_DEPLOYMENT_TARGET = 14.0;
				LOCALIZATION_PREFERS_STRING_CATALOGS = YES;
				MACOSX_DEPLOYMENT_TARGET = 11.0;
				MTL_ENABLE_DEBUG_INFO = INCLUDE_SOURCE;
				MTL_FAST_MATH = YES;
				ONLY_ACTIVE_ARCH = YES;
				SWIFT_ACTIVE_COMPILATION_CONDITIONS = "DEBUG $(inherited)";
				SWIFT_OPTIMIZATION_LEVEL = "-Onone";
				TVOS_DEPLOYMENT_TARGET = 14.0;
				WATCHOS_DEPLOYMENT_TARGET = 7.0;
				XROS_DEPLOYMENT_TARGET = 1.0;
			};
			name = Debug;
		};
		23E8EF0E2B5FEAF600A0A188 /* Debug */ = {
			isa = XCBuildConfiguration;
			buildSettings = {
				ASSETCATALOG_COMPILER_APPICON_NAME = AppIcon;
				ASSETCATALOG_COMPILER_GLOBAL_ACCENT_COLOR_NAME = AccentColor;
				CODE_SIGN_ENTITLEMENTS = TestHost/TestHost.entitlements;
				"CODE_SIGN_ENTITLEMENTS[sdk=macosx*]" = "TestHost/TestHost-macOS.entitlements";
				CODE_SIGN_STYLE = Automatic;
				CURRENT_PROJECT_VERSION = 1;
				DEVELOPMENT_TEAM = J59EP59PB8;
				ENABLE_PREVIEWS = YES;
				GENERATE_INFOPLIST_FILE = YES;
				"INFOPLIST_KEY_UIApplicationSceneManifest_Generation[sdk=iphoneos*]" = YES;
				"INFOPLIST_KEY_UIApplicationSceneManifest_Generation[sdk=iphonesimulator*]" = YES;
				"INFOPLIST_KEY_UIApplicationSupportsIndirectInputEvents[sdk=iphoneos*]" = YES;
				"INFOPLIST_KEY_UIApplicationSupportsIndirectInputEvents[sdk=iphonesimulator*]" = YES;
				"INFOPLIST_KEY_UILaunchScreen_Generation[sdk=iphoneos*]" = YES;
				"INFOPLIST_KEY_UILaunchScreen_Generation[sdk=iphonesimulator*]" = YES;
				"INFOPLIST_KEY_UIStatusBarStyle[sdk=iphoneos*]" = UIStatusBarStyleDefault;
				"INFOPLIST_KEY_UIStatusBarStyle[sdk=iphonesimulator*]" = UIStatusBarStyleDefault;
				INFOPLIST_KEY_UISupportedInterfaceOrientations_iPad = "UIInterfaceOrientationPortrait UIInterfaceOrientationPortraitUpsideDown UIInterfaceOrientationLandscapeLeft UIInterfaceOrientationLandscapeRight";
				INFOPLIST_KEY_UISupportedInterfaceOrientations_iPhone = "UIInterfaceOrientationPortrait UIInterfaceOrientationLandscapeLeft UIInterfaceOrientationLandscapeRight";
				INFOPLIST_KEY_WKWatchOnly = YES;
				LD_RUNPATH_SEARCH_PATHS = "@executable_path/Frameworks";
				"LD_RUNPATH_SEARCH_PATHS[sdk=macosx*]" = "@executable_path/../Frameworks";
				MARKETING_VERSION = 1.0;
				PRODUCT_BUNDLE_IDENTIFIER = dev.zharov.TestHost;
				PRODUCT_NAME = "$(TARGET_NAME)";
				SDKROOT = auto;
				SUPPORTED_PLATFORMS = "appletvos appletvsimulator iphoneos iphonesimulator macosx watchos watchsimulator xros xrsimulator";
				SUPPORTS_MACCATALYST = YES;
				SUPPORTS_MAC_DESIGNED_FOR_IPHONE_IPAD = YES;
				SUPPORTS_XR_DESIGNED_FOR_IPHONE_IPAD = YES;
				SWIFT_EMIT_LOC_STRINGS = YES;
				SWIFT_VERSION = 5.0;
				TARGETED_DEVICE_FAMILY = "1,2,3,7";
			};
			name = Debug;
		};
		23E8EF112B5FEAF600A0A188 /* Debug */ = {
			isa = XCBuildConfiguration;
			buildSettings = {
				ALWAYS_EMBED_SWIFT_STANDARD_LIBRARIES = YES;
				BUNDLE_LOADER = "$(TEST_HOST)";
				CLANG_ENABLE_MODULES = YES;
				CODE_SIGN_IDENTITY = "Apple Development";
				"CODE_SIGN_IDENTITY[sdk=macosx*]" = "-";
				CODE_SIGN_STYLE = Automatic;
				CURRENT_PROJECT_VERSION = 1;
				DEVELOPMENT_TEAM = "";
				GENERATE_INFOPLIST_FILE = YES;
				MARKETING_VERSION = 1.0;
				PRODUCT_BUNDLE_IDENTIFIER = dev.zharov.SwiftSecurityTests;
				PRODUCT_NAME = "$(TARGET_NAME)";
				PROVISIONING_PROFILE_SPECIFIER = "";
				SDKROOT = auto;
				SUPPORTED_PLATFORMS = "appletvos appletvsimulator iphoneos iphonesimulator macosx watchos watchsimulator xros xrsimulator";
				SUPPORTS_MACCATALYST = YES;
				SUPPORTS_MAC_DESIGNED_FOR_IPHONE_IPAD = YES;
				SUPPORTS_XR_DESIGNED_FOR_IPHONE_IPAD = YES;
				SWIFT_EMIT_LOC_STRINGS = NO;
				SWIFT_OPTIMIZATION_LEVEL = "-Onone";
				SWIFT_VERSION = 5.0;
				TARGETED_DEVICE_FAMILY = "1,2,3,4,7";
				TEST_HOST = "$(BUILT_PRODUCTS_DIR)/TestHost.app/$(BUNDLE_EXECUTABLE_FOLDER_PATH)/TestHost";
			};
			name = Debug;
		};
/* End XCBuildConfiguration section */

/* Begin XCConfigurationList section */
		23E8EEE32B5FEAF400A0A188 /* Build configuration list for PBXProject "TestHost" */ = {
			isa = XCConfigurationList;
			buildConfigurations = (
				23E8EF0B2B5FEAF600A0A188 /* Debug */,
			);
			defaultConfigurationIsVisible = 0;
			defaultConfigurationName = Debug;
		};
		23E8EF0D2B5FEAF600A0A188 /* Build configuration list for PBXNativeTarget "TestHost" */ = {
			isa = XCConfigurationList;
			buildConfigurations = (
				23E8EF0E2B5FEAF600A0A188 /* Debug */,
			);
			defaultConfigurationIsVisible = 0;
			defaultConfigurationName = Debug;
		};
		23E8EF102B5FEAF600A0A188 /* Build configuration list for PBXNativeTarget "SwiftSecurityTests" */ = {
			isa = XCConfigurationList;
			buildConfigurations = (
				23E8EF112B5FEAF600A0A188 /* Debug */,
			);
			defaultConfigurationIsVisible = 0;
			defaultConfigurationName = Debug;
		};
/* End XCConfigurationList section */

/* Begin XCLocalSwiftPackageReference section */
		230F22B92B5FEF4100D2843A /* XCLocalSwiftPackageReference ".." */ = {
			isa = XCLocalSwiftPackageReference;
			relativePath = ..;
		};
/* End XCLocalSwiftPackageReference section */

/* Begin XCSwiftPackageProductDependency section */
		230F22BA2B5FEF4100D2843A /* SwiftSecurity */ = {
			isa = XCSwiftPackageProductDependency;
			productName = SwiftSecurity;
		};
/* End XCSwiftPackageProductDependency section */
	};
	rootObject = 23E8EEE02B5FEAF400A0A188 /* Project object */;
}
